// !$*UTF8*$!
{
	archiveVersion = 1;
	classes = {
	};
	objectVersion = 50;
	objects = {

/* Begin PBXBuildFile section */
		A1024235216D355100EEF6E0 /* Main.storyboard in Resources */ = {isa = PBXBuildFile; fileRef = A1024234216D355000EEF6E0 /* Main.storyboard */; };
		A1024237216D355F00EEF6E0 /* LaunchScreen.storyboard in Resources */ = {isa = PBXBuildFile; fileRef = A1024236216D355E00EEF6E0 /* LaunchScreen.storyboard */; };
		A1965A20216D163200D7316D /* AppDelegate.swift in Sources */ = {isa = PBXBuildFile; fileRef = A1965A1F216D163200D7316D /* AppDelegate.swift */; };
		A1965A22216D163200D7316D /* ViewController.swift in Sources */ = {isa = PBXBuildFile; fileRef = A1965A21216D163200D7316D /* ViewController.swift */; };
		A1965A27216D163500D7316D /* Assets.xcassets in Resources */ = {isa = PBXBuildFile; fileRef = A1965A26216D163500D7316D /* Assets.xcassets */; };
		A1965A35216D163500D7316D /* HipTests.swift in Sources */ = {isa = PBXBuildFile; fileRef = A1965A34216D163500D7316D /* HipTests.swift */; };
		BF6C172C54E70B577D86A890 /* libPods-Hip.a in Frameworks */ = {isa = PBXBuildFile; fileRef = 87B90BB1F8A5C8FA4414C7F0 /* libPods-Hip.a */; };
/* End PBXBuildFile section */

/* Begin PBXContainerItemProxy section */
		A1965A31216D163500D7316D /* PBXContainerItemProxy */ = {
			isa = PBXContainerItemProxy;
			containerPortal = A1965A14216D163200D7316D /* Project object */;
			proxyType = 1;
			remoteGlobalIDString = A1965A1B216D163200D7316D;
			remoteInfo = Hip;
		};
/* End PBXContainerItemProxy section */

/* Begin PBXFileReference section */
		87B90BB1F8A5C8FA4414C7F0 /* libPods-Hip.a */ = {isa = PBXFileReference; explicitFileType = archive.ar; includeInIndex = 0; path = "libPods-Hip.a"; sourceTree = BUILT_PRODUCTS_DIR; };
		953F5924605A5F8B7E044CBE /* Pods-Hip.debug.xcconfig */ = {isa = PBXFileReference; includeInIndex = 1; lastKnownFileType = text.xcconfig; name = "Pods-Hip.debug.xcconfig"; path = "Pods/Target Support Files/Pods-Hip/Pods-Hip.debug.xcconfig"; sourceTree = "<group>"; };
		A1024234216D355000EEF6E0 /* Main.storyboard */ = {isa = PBXFileReference; fileEncoding = 4; lastKnownFileType = file.storyboard; name = Main.storyboard; path = ../../../../.Trash/Main.storyboard; sourceTree = "<group>"; };
		A1024236216D355E00EEF6E0 /* LaunchScreen.storyboard */ = {isa = PBXFileReference; fileEncoding = 4; lastKnownFileType = file.storyboard; name = LaunchScreen.storyboard; path = ../../../../.Trash/LaunchScreen.storyboard; sourceTree = "<group>"; };
		A1965A1C216D163200D7316D /* Hip.app */ = {isa = PBXFileReference; explicitFileType = wrapper.application; includeInIndex = 0; path = Hip.app; sourceTree = BUILT_PRODUCTS_DIR; };
		A1965A1F216D163200D7316D /* AppDelegate.swift */ = {isa = PBXFileReference; lastKnownFileType = sourcecode.swift; path = AppDelegate.swift; sourceTree = "<group>"; };
		A1965A21216D163200D7316D /* ViewController.swift */ = {isa = PBXFileReference; lastKnownFileType = sourcecode.swift; path = ViewController.swift; sourceTree = "<group>"; };
		A1965A26216D163500D7316D /* Assets.xcassets */ = {isa = PBXFileReference; lastKnownFileType = folder.assetcatalog; path = Assets.xcassets; sourceTree = "<group>"; };
		A1965A2B216D163500D7316D /* Info.plist */ = {isa = PBXFileReference; lastKnownFileType = text.plist.xml; path = Info.plist; sourceTree = "<group>"; };
		A1965A30216D163500D7316D /* HipTests.xctest */ = {isa = PBXFileReference; explicitFileType = wrapper.cfbundle; includeInIndex = 0; path = HipTests.xctest; sourceTree = BUILT_PRODUCTS_DIR; };
		A1965A34216D163500D7316D /* HipTests.swift */ = {isa = PBXFileReference; lastKnownFileType = sourcecode.swift; path = HipTests.swift; sourceTree = "<group>"; };
		A1965A36216D163500D7316D /* Info.plist */ = {isa = PBXFileReference; lastKnownFileType = text.plist.xml; path = Info.plist; sourceTree = "<group>"; };
		EDDED0FD6FFD9DE83C57DFE1 /* Pods-Hip.release.xcconfig */ = {isa = PBXFileReference; includeInIndex = 1; lastKnownFileType = text.xcconfig; name = "Pods-Hip.release.xcconfig"; path = "Pods/Target Support Files/Pods-Hip/Pods-Hip.release.xcconfig"; sourceTree = "<group>"; };
/* End PBXFileReference section */

/* Begin PBXFrameworksBuildPhase section */
		A1965A19216D163200D7316D /* Frameworks */ = {
			isa = PBXFrameworksBuildPhase;
			buildActionMask = 2147483647;
			files = (
				BF6C172C54E70B577D86A890 /* libPods-Hip.a in Frameworks */,
			);
			runOnlyForDeploymentPostprocessing = 0;
		};
		A1965A2D216D163500D7316D /* Frameworks */ = {
			isa = PBXFrameworksBuildPhase;
			buildActionMask = 2147483647;
			files = (
			);
			runOnlyForDeploymentPostprocessing = 0;
		};
/* End PBXFrameworksBuildPhase section */

/* Begin PBXGroup section */
		A1965A13216D163200D7316D = {
			isa = PBXGroup;
			children = (
				A1965A1E216D163200D7316D /* Hip */,
				A1965A33216D163500D7316D /* HipTests */,
				A1965A1D216D163200D7316D /* Products */,
				D1556B26C424E11F756B2A52 /* Pods */,
				D375A55601070A4C9204D82E /* Frameworks */,
			);
			sourceTree = "<group>";
		};
		A1965A1D216D163200D7316D /* Products */ = {
			isa = PBXGroup;
			children = (
				A1965A1C216D163200D7316D /* Hip.app */,
				A1965A30216D163500D7316D /* HipTests.xctest */,
			);
			name = Products;
			sourceTree = "<group>";
		};
		A1965A1E216D163200D7316D /* Hip */ = {
			isa = PBXGroup;
			children = (
				A1965A1F216D163200D7316D /* AppDelegate.swift */,
				A1965A21216D163200D7316D /* ViewController.swift */,
				A1024234216D355000EEF6E0 /* Main.storyboard */,
				A1024236216D355E00EEF6E0 /* LaunchScreen.storyboard */,
				A1965A26216D163500D7316D /* Assets.xcassets */,
				A1965A2B216D163500D7316D /* Info.plist */,
			);
			path = Hip;
			sourceTree = "<group>";
		};
		A1965A33216D163500D7316D /* HipTests */ = {
			isa = PBXGroup;
			children = (
				A1965A34216D163500D7316D /* HipTests.swift */,
				A1965A36216D163500D7316D /* Info.plist */,
			);
			path = HipTests;
			sourceTree = "<group>";
		};
		D1556B26C424E11F756B2A52 /* Pods */ = {
			isa = PBXGroup;
			children = (
				953F5924605A5F8B7E044CBE /* Pods-Hip.debug.xcconfig */,
				EDDED0FD6FFD9DE83C57DFE1 /* Pods-Hip.release.xcconfig */,
			);
			name = Pods;
			sourceTree = "<group>";
		};
		D375A55601070A4C9204D82E /* Frameworks */ = {
			isa = PBXGroup;
			children = (
				87B90BB1F8A5C8FA4414C7F0 /* libPods-Hip.a */,
			);
			name = Frameworks;
			sourceTree = "<group>";
		};
/* End PBXGroup section */

/* Begin PBXNativeTarget section */
		A1965A1B216D163200D7316D /* Hip */ = {
			isa = PBXNativeTarget;
			buildConfigurationList = A1965A39216D163500D7316D /* Build configuration list for PBXNativeTarget "Hip" */;
			buildPhases = (
				5CCABD2CCF9EE4688743AA4E /* [CP] Check Pods Manifest.lock */,
				A1965A18216D163200D7316D /* Sources */,
				A1965A19216D163200D7316D /* Frameworks */,
				A1965A1A216D163200D7316D /* Resources */,
				AF2780923A7243F5B9600DAE /* [CP] Copy Pods Resources */,
			);
			buildRules = (
			);
			dependencies = (
			);
			name = Hip;
			productName = Hip;
			productReference = A1965A1C216D163200D7316D /* Hip.app */;
			productType = "com.apple.product-type.application";
		};
		A1965A2F216D163500D7316D /* HipTests */ = {
			isa = PBXNativeTarget;
			buildConfigurationList = A1965A3C216D163500D7316D /* Build configuration list for PBXNativeTarget "HipTests" */;
			buildPhases = (
				A1965A2C216D163500D7316D /* Sources */,
				A1965A2D216D163500D7316D /* Frameworks */,
				A1965A2E216D163500D7316D /* Resources */,
			);
			buildRules = (
			);
			dependencies = (
				A1965A32216D163500D7316D /* PBXTargetDependency */,
			);
			name = HipTests;
			productName = HipTests;
			productReference = A1965A30216D163500D7316D /* HipTests.xctest */;
			productType = "com.apple.product-type.bundle.unit-test";
		};
/* End PBXNativeTarget section */

/* Begin PBXProject section */
		A1965A14216D163200D7316D /* Project object */ = {
			isa = PBXProject;
			attributes = {
				LastSwiftUpdateCheck = 1000;
				LastUpgradeCheck = 1000;
				ORGANIZATIONNAME = Molly;
				TargetAttributes = {
					A1965A1B216D163200D7316D = {
						CreatedOnToolsVersion = 10.0;
					};
					A1965A2F216D163500D7316D = {
						CreatedOnToolsVersion = 10.0;
						TestTargetID = A1965A1B216D163200D7316D;
					};
				};
			};
			buildConfigurationList = A1965A17216D163200D7316D /* Build configuration list for PBXProject "Hip" */;
			compatibilityVersion = "Xcode 9.3";
			developmentRegion = en;
			hasScannedForEncodings = 0;
			knownRegions = (
				en,
				Base,
			);
			mainGroup = A1965A13216D163200D7316D;
			productRefGroup = A1965A1D216D163200D7316D /* Products */;
			projectDirPath = "";
			projectRoot = "";
			targets = (
				A1965A1B216D163200D7316D /* Hip */,
				A1965A2F216D163500D7316D /* HipTests */,
			);
		};
/* End PBXProject section */

/* Begin PBXResourcesBuildPhase section */
		A1965A1A216D163200D7316D /* Resources */ = {
			isa = PBXResourcesBuildPhase;
			buildActionMask = 2147483647;
			files = (
				A1024237216D355F00EEF6E0 /* LaunchScreen.storyboard in Resources */,
				A1965A27216D163500D7316D /* Assets.xcassets in Resources */,
				A1024235216D355100EEF6E0 /* Main.storyboard in Resources */,
			);
			runOnlyForDeploymentPostprocessing = 0;
		};
		A1965A2E216D163500D7316D /* Resources */ = {
			isa = PBXResourcesBuildPhase;
			buildActionMask = 2147483647;
			files = (
			);
			runOnlyForDeploymentPostprocessing = 0;
		};
/* End PBXResourcesBuildPhase section */

/* Begin PBXShellScriptBuildPhase section */
		5CCABD2CCF9EE4688743AA4E /* [CP] Check Pods Manifest.lock */ = {
			isa = PBXShellScriptBuildPhase;
			buildActionMask = 2147483647;
			files = (
			);
			inputFileListPaths = (
			);
			inputPaths = (
				"${PODS_PODFILE_DIR_PATH}/Podfile.lock",
				"${PODS_ROOT}/Manifest.lock",
			);
			name = "[CP] Check Pods Manifest.lock";
			outputFileListPaths = (
			);
			outputPaths = (
				"$(DERIVED_FILE_DIR)/Pods-Hip-checkManifestLockResult.txt",
			);
			runOnlyForDeploymentPostprocessing = 0;
			shellPath = /bin/sh;
			shellScript = "diff \"${PODS_PODFILE_DIR_PATH}/Podfile.lock\" \"${PODS_ROOT}/Manifest.lock\" > /dev/null\nif [ $? != 0 ] ; then\n    # print error to STDERR\n    echo \"error: The sandbox is not in sync with the Podfile.lock. Run 'pod install' or update your CocoaPods installation.\" >&2\n    exit 1\nfi\n# This output is used by Xcode 'outputs' to avoid re-running this script phase.\necho \"SUCCESS\" > \"${SCRIPT_OUTPUT_FILE_0}\"\n";
			showEnvVarsInLog = 0;
		};
		AF2780923A7243F5B9600DAE /* [CP] Copy Pods Resources */ = {
			isa = PBXShellScriptBuildPhase;
			buildActionMask = 2147483647;
			files = (
			);
			inputFileListPaths = (
			);
			inputPaths = (
				"${SRCROOT}/Pods/Target Support Files/Pods-Hip/Pods-Hip-resources.sh",
				"${PODS_ROOT}/GoogleMaps/Maps/Frameworks/GoogleMaps.framework/Resources/GoogleMaps.bundle",
				"${PODS_ROOT}/GooglePlaces/Frameworks/GooglePlaces.framework/Resources/GooglePlaces.bundle",
			);
			name = "[CP] Copy Pods Resources";
			outputFileListPaths = (
			);
			outputPaths = (
				"${TARGET_BUILD_DIR}/${UNLOCALIZED_RESOURCES_FOLDER_PATH}/GoogleMaps.bundle",
				"${TARGET_BUILD_DIR}/${UNLOCALIZED_RESOURCES_FOLDER_PATH}/GooglePlaces.bundle",
			);
			runOnlyForDeploymentPostprocessing = 0;
			shellPath = /bin/sh;
			shellScript = "\"${SRCROOT}/Pods/Target Support Files/Pods-Hip/Pods-Hip-resources.sh\"\n";
			showEnvVarsInLog = 0;
		};
/* End PBXShellScriptBuildPhase section */

/* Begin PBXSourcesBuildPhase section */
		A1965A18216D163200D7316D /* Sources */ = {
			isa = PBXSourcesBuildPhase;
			buildActionMask = 2147483647;
			files = (
				A1965A22216D163200D7316D /* ViewController.swift in Sources */,
				A1965A20216D163200D7316D /* AppDelegate.swift in Sources */,
			);
			runOnlyForDeploymentPostprocessing = 0;
		};
		A1965A2C216D163500D7316D /* Sources */ = {
			isa = PBXSourcesBuildPhase;
			buildActionMask = 2147483647;
			files = (
				A1965A35216D163500D7316D /* HipTests.swift in Sources */,
			);
			runOnlyForDeploymentPostprocessing = 0;
		};
/* End PBXSourcesBuildPhase section */

/* Begin PBXTargetDependency section */
		A1965A32216D163500D7316D /* PBXTargetDependency */ = {
			isa = PBXTargetDependency;
			target = A1965A1B216D163200D7316D /* Hip */;
			targetProxy = A1965A31216D163500D7316D /* PBXContainerItemProxy */;
		};
/* End PBXTargetDependency section */

/* Begin XCBuildConfiguration section */
		A1965A37216D163500D7316D /* Debug */ = {
			isa = XCBuildConfiguration;
			buildSettings = {
				ALWAYS_SEARCH_USER_PATHS = NO;
				CLANG_ANALYZER_NONNULL = YES;
				CLANG_ANALYZER_NUMBER_OBJECT_CONVERSION = YES_AGGRESSIVE;
				CLANG_CXX_LANGUAGE_STANDARD = "gnu++14";
				CLANG_CXX_LIBRARY = "libc++";
				CLANG_ENABLE_MODULES = YES;
				CLANG_ENABLE_OBJC_ARC = YES;
				CLANG_ENABLE_OBJC_WEAK = YES;
				CLANG_WARN_BLOCK_CAPTURE_AUTORELEASING = YES;
				CLANG_WARN_BOOL_CONVERSION = YES;
				CLANG_WARN_COMMA = YES;
				CLANG_WARN_CONSTANT_CONVERSION = YES;
				CLANG_WARN_DEPRECATED_OBJC_IMPLEMENTATIONS = YES;
				CLANG_WARN_DIRECT_OBJC_ISA_USAGE = YES_ERROR;
				CLANG_WARN_DOCUMENTATION_COMMENTS = YES;
				CLANG_WARN_EMPTY_BODY = YES;
				CLANG_WARN_ENUM_CONVERSION = YES;
				CLANG_WARN_INFINITE_RECURSION = YES;
				CLANG_WARN_INT_CONVERSION = YES;
				CLANG_WARN_NON_LITERAL_NULL_CONVERSION = YES;
				CLANG_WARN_OBJC_IMPLICIT_RETAIN_SELF = YES;
				CLANG_WARN_OBJC_LITERAL_CONVERSION = YES;
				CLANG_WARN_OBJC_ROOT_CLASS = YES_ERROR;
				CLANG_WARN_RANGE_LOOP_ANALYSIS = YES;
				CLANG_WARN_STRICT_PROTOTYPES = YES;
				CLANG_WARN_SUSPICIOUS_MOVE = YES;
				CLANG_WARN_UNGUARDED_AVAILABILITY = YES_AGGRESSIVE;
				CLANG_WARN_UNREACHABLE_CODE = YES;
				CLANG_WARN__DUPLICATE_METHOD_MATCH = YES;
				CODE_SIGN_IDENTITY = "iPhone Developer";
				COPY_PHASE_STRIP = NO;
				DEBUG_INFORMATION_FORMAT = dwarf;
				ENABLE_STRICT_OBJC_MSGSEND = YES;
				ENABLE_TESTABILITY = YES;
				GCC_C_LANGUAGE_STANDARD = gnu11;
				GCC_DYNAMIC_NO_PIC = NO;
				GCC_NO_COMMON_BLOCKS = YES;
				GCC_OPTIMIZATION_LEVEL = 0;
				GCC_PREPROCESSOR_DEFINITIONS = (
					"DEBUG=1",
					"$(inherited)",
				);
				GCC_WARN_64_TO_32_BIT_CONVERSION = YES;
				GCC_WARN_ABOUT_RETURN_TYPE = YES_ERROR;
				GCC_WARN_UNDECLARED_SELECTOR = YES;
				GCC_WARN_UNINITIALIZED_AUTOS = YES_AGGRESSIVE;
				GCC_WARN_UNUSED_FUNCTION = YES;
				GCC_WARN_UNUSED_VARIABLE = YES;
				IPHONEOS_DEPLOYMENT_TARGET = 12.0;
				MTL_ENABLE_DEBUG_INFO = INCLUDE_SOURCE;
				MTL_FAST_MATH = YES;
				ONLY_ACTIVE_ARCH = YES;
				SDKROOT = iphoneos;
				SWIFT_ACTIVE_COMPILATION_CONDITIONS = DEBUG;
				SWIFT_OPTIMIZATION_LEVEL = "-Onone";
			};
			name = Debug;
		};
		A1965A38216D163500D7316D /* Release */ = {
			isa = XCBuildConfiguration;
			buildSettings = {
				ALWAYS_SEARCH_USER_PATHS = NO;
				CLANG_ANALYZER_NONNULL = YES;
				CLANG_ANALYZER_NUMBER_OBJECT_CONVERSION = YES_AGGRESSIVE;
				CLANG_CXX_LANGUAGE_STANDARD = "gnu++14";
				CLANG_CXX_LIBRARY = "libc++";
				CLANG_ENABLE_MODULES = YES;
				CLANG_ENABLE_OBJC_ARC = YES;
				CLANG_ENABLE_OBJC_WEAK = YES;
				CLANG_WARN_BLOCK_CAPTURE_AUTORELEASING = YES;
				CLANG_WARN_BOOL_CONVERSION = YES;
				CLANG_WARN_COMMA = YES;
				CLANG_WARN_CONSTANT_CONVERSION = YES;
				CLANG_WARN_DEPRECATED_OBJC_IMPLEMENTATIONS = YES;
				CLANG_WARN_DIRECT_OBJC_ISA_USAGE = YES_ERROR;
				CLANG_WARN_DOCUMENTATION_COMMENTS = YES;
				CLANG_WARN_EMPTY_BODY = YES;
				CLANG_WARN_ENUM_CONVERSION = YES;
				CLANG_WARN_INFINITE_RECURSION = YES;
				CLANG_WARN_INT_CONVERSION = YES;
				CLANG_WARN_NON_LITERAL_NULL_CONVERSION = YES;
				CLANG_WARN_OBJC_IMPLICIT_RETAIN_SELF = YES;
				CLANG_WARN_OBJC_LITERAL_CONVERSION = YES;
				CLANG_WARN_OBJC_ROOT_CLASS = YES_ERROR;
				CLANG_WARN_RANGE_LOOP_ANALYSIS = YES;
				CLANG_WARN_STRICT_PROTOTYPES = YES;
				CLANG_WARN_SUSPICIOUS_MOVE = YES;
				CLANG_WARN_UNGUARDED_AVAILABILITY = YES_AGGRESSIVE;
				CLANG_WARN_UNREACHABLE_CODE = YES;
				CLANG_WARN__DUPLICATE_METHOD_MATCH = YES;
				CODE_SIGN_IDENTITY = "iPhone Developer";
				COPY_PHASE_STRIP = NO;
				DEBUG_INFORMATION_FORMAT = "dwarf-with-dsym";
				ENABLE_NS_ASSERTIONS = NO;
				ENABLE_STRICT_OBJC_MSGSEND = YES;
				GCC_C_LANGUAGE_STANDARD = gnu11;
				GCC_NO_COMMON_BLOCKS = YES;
				GCC_WARN_64_TO_32_BIT_CONVERSION = YES;
				GCC_WARN_ABOUT_RETURN_TYPE = YES_ERROR;
				GCC_WARN_UNDECLARED_SELECTOR = YES;
				GCC_WARN_UNINITIALIZED_AUTOS = YES_AGGRESSIVE;
				GCC_WARN_UNUSED_FUNCTION = YES;
				GCC_WARN_UNUSED_VARIABLE = YES;
				IPHONEOS_DEPLOYMENT_TARGET = 12.0;
				MTL_ENABLE_DEBUG_INFO = NO;
				MTL_FAST_MATH = YES;
				SDKROOT = iphoneos;
				SWIFT_COMPILATION_MODE = wholemodule;
				SWIFT_OPTIMIZATION_LEVEL = "-O";
				VALIDATE_PRODUCT = YES;
			};
			name = Release;
		};
		A1965A3A216D163500D7316D /* Debug */ = {
			isa = XCBuildConfiguration;
			baseConfigurationReference = 953F5924605A5F8B7E044CBE /* Pods-Hip.debug.xcconfig */;
			buildSettings = {
				ASSETCATALOG_COMPILER_APPICON_NAME = AppIcon;
				CODE_SIGN_STYLE = Automatic;
				DEVELOPMENT_TEAM = KUNPDJ9ZMR;
				INFOPLIST_FILE = Hip/Info.plist;
				IPHONEOS_DEPLOYMENT_TARGET = 11.4;
				LD_RUNPATH_SEARCH_PATHS = (
					"$(inherited)",
					"@executable_path/Frameworks",
				);
				PRODUCT_BUNDLE_IDENTIFIER = com.MollyFisher;
				PRODUCT_NAME = "$(TARGET_NAME)";
				SWIFT_VERSION = 4.2;
				TARGETED_DEVICE_FAMILY = "1,2";
			};
			name = Debug;
		};
		A1965A3B216D163500D7316D /* Release */ = {
			isa = XCBuildConfiguration;
			baseConfigurationReference = EDDED0FD6FFD9DE83C57DFE1 /* Pods-Hip.release.xcconfig */;
			buildSettings = {
				ASSETCATALOG_COMPILER_APPICON_NAME = AppIcon;
				CODE_SIGN_STYLE = Automatic;
				DEVELOPMENT_TEAM = KUNPDJ9ZMR;
				INFOPLIST_FILE = Hip/Info.plist;
				IPHONEOS_DEPLOYMENT_TARGET = 11.4;
				LD_RUNPATH_SEARCH_PATHS = (
					"$(inherited)",
					"@executable_path/Frameworks",
				);
				PRODUCT_BUNDLE_IDENTIFIER = com.MollyFisher;
				PRODUCT_NAME = "$(TARGET_NAME)";
				SWIFT_VERSION = 4.2;
				TARGETED_DEVICE_FAMILY = "1,2";
			};
			name = Release;
		};
		A1965A3D216D163500D7316D /* Debug */ = {
			isa = XCBuildConfiguration;
			buildSettings = {
				ALWAYS_EMBED_SWIFT_STANDARD_LIBRARIES = YES;
				BUNDLE_LOADER = "$(TEST_HOST)";
				CODE_SIGN_STYLE = Automatic;
				INFOPLIST_FILE = HipTests/Info.plist;
				LD_RUNPATH_SEARCH_PATHS = (
					"$(inherited)",
					"@executable_path/Frameworks",
					"@loader_path/Frameworks",
				);
				PRODUCT_BUNDLE_IDENTIFIER = com.example.HipTests;
				PRODUCT_NAME = "$(TARGET_NAME)";
				SWIFT_VERSION = 4.2;
				TARGETED_DEVICE_FAMILY = "1,2";
				TEST_HOST = "$(BUILT_PRODUCTS_DIR)/Hip.app/Hip";
			};
			name = Debug;
		};
		A1965A3E216D163500D7316D /* Release */ = {
			isa = XCBuildConfiguration;
			buildSettings = {
				ALWAYS_EMBED_SWIFT_STANDARD_LIBRARIES = YES;
				BUNDLE_LOADER = "$(TEST_HOST)";
				CODE_SIGN_STYLE = Automatic;
				INFOPLIST_FILE = HipTests/Info.plist;
				LD_RUNPATH_SEARCH_PATHS = (
					"$(inherited)",
					"@executable_path/Frameworks",
					"@loader_path/Frameworks",
				);
				PRODUCT_BUNDLE_IDENTIFIER = com.example.HipTests;
				PRODUCT_NAME = "$(TARGET_NAME)";
				SWIFT_VERSION = 4.2;
				TARGETED_DEVICE_FAMILY = "1,2";
				TEST_HOST = "$(BUILT_PRODUCTS_DIR)/Hip.app/Hip";
			};
			name = Release;
		};
/* End XCBuildConfiguration section */

/* Begin XCConfigurationList section */
		A1965A17216D163200D7316D /* Build configuration list for PBXProject "Hip" */ = {
			isa = XCConfigurationList;
			buildConfigurations = (
				A1965A37216D163500D7316D /* Debug */,
				A1965A38216D163500D7316D /* Release */,
			);
			defaultConfigurationIsVisible = 0;
			defaultConfigurationName = Release;
		};
		A1965A39216D163500D7316D /* Build configuration list for PBXNativeTarget "Hip" */ = {
			isa = XCConfigurationList;
			buildConfigurations = (
				A1965A3A216D163500D7316D /* Debug */,
				A1965A3B216D163500D7316D /* Release */,
			);
			defaultConfigurationIsVisible = 0;
			defaultConfigurationName = Release;
		};
		A1965A3C216D163500D7316D /* Build configuration list for PBXNativeTarget "HipTests" */ = {
			isa = XCConfigurationList;
			buildConfigurations = (
				A1965A3D216D163500D7316D /* Debug */,
				A1965A3E216D163500D7316D /* Release */,
			);
			defaultConfigurationIsVisible = 0;
			defaultConfigurationName = Release;
		};
/* End XCConfigurationList section */
	};
	rootObject = A1965A14216D163200D7316D /* Project object */;
}
